
Microsoft Visual Studio Solution File, Format Version 12.00
# Visual Studio 15
VisualStudioVersion = 15.0.26730.3
MinimumVisualStudioVersion = 10.0.40219.1
Project("{FAE04EC0-301F-11D3-BF4B-00C04F79EFBC}") = "кресты", "кресты\кресты.csproj", "{49FAA724-3881-4905-A613-6D4A5F7E2CAD}"
EndProject
Global
	GlobalSection(SolutionConfigurationPlatforms) = preSolution
		Debug|Any CPU = Debug|Any CPU
		Release|Any CPU = Release|Any CPU
	EndGlobalSection
	GlobalSection(ProjectConfigurationPlatforms) = postSolution
		{49FAA724-3881-4905-A613-6D4A5F7E2CAD}.Debug|Any CPU.ActiveCfg = Debug|Any CPU
		{49FAA724-3881-4905-A613-6D4A5F7E2CAD}.Debug|Any CPU.Build.0 = Debug|Any CPU
		{49FAA724-3881-4905-A613-6D4A5F7E2CAD}.Release|Any CPU.ActiveCfg = Release|Any CPU
		{49FAA724-3881-4905-A613-6D4A5F7E2CAD}.Release|Any CPU.Build.0 = Release|Any CPU
	EndGlobalSection
	GlobalSection(SolutionProperties) = preSolution
		HideSolutionNode = FALSE
	EndGlobalSection
	GlobalSection(ExtensibilityGlobals) = postSolution
		SolutionGuid = {70A7C181-3781-4BCE-9600-8CC4BCDBEE4C}
	EndGlobalSection
EndGlobal
